
Microsoft Visual Studio Solution File, Format Version 12.00
# Visual Studio Version 17
VisualStudioVersion = 17.4.33205.214
MinimumVisualStudioVersion = 10.0.40219.1
Project("{FAE04EC0-301F-11D3-BF4B-00C04F79EFBC}") = "WebApp2", "WebApp2\WebApp2.csproj", "{3F13910A-AEA2-44EA-BF30-85773CDFDBBC}"
EndProject
Global
	GlobalSection(SolutionConfigurationPlatforms) = preSolution
		Debug|Any CPU = Debug|Any CPU
		Release|Any CPU = Release|Any CPU
	EndGlobalSection
	GlobalSection(ProjectConfigurationPlatforms) = postSolution
		{3F13910A-AEA2-44EA-BF30-85773CDFDBBC}.Debug|Any CPU.ActiveCfg = Debug|Any CPU
		{3F13910A-AEA2-44EA-BF30-85773CDFDBBC}.Debug|Any CPU.Build.0 = Debug|Any CPU
		{3F13910A-AEA2-44EA-BF30-85773CDFDBBC}.Release|Any CPU.ActiveCfg = Release|Any CPU
		{3F13910A-AEA2-44EA-BF30-85773CDFDBBC}.Release|Any CPU.Build.0 = Release|Any CPU
	EndGlobalSection
	GlobalSection(SolutionProperties) = preSolution
		HideSolutionNode = FALSE
	EndGlobalSection
	GlobalSection(ExtensibilityGlobals) = postSolution
		SolutionGuid = {4D2CDBDD-E12E-4750-8BFB-0E882F217AB6}
	EndGlobalSection
EndGlobal
